
Microsoft Visual Studio Solution File, Format Version 12.00
# Visual Studio Version 17
VisualStudioVersion = 17.11.35327.3
MinimumVisualStudioVersion = 10.0.40219.1
Project("{9A19103F-16F7-4668-BE54-9A1E7A4F7556}") = "TollFeeCalculator", "TollFeeCalculator.csproj", "{8313A5EF-EE01-4CC1-8DA9-712753DAA232}"
EndProject
Global
	GlobalSection(SolutionConfigurationPlatforms) = preSolution
		Debug|Any CPU = Debug|Any CPU
		Release|Any CPU = Release|Any CPU
	EndGlobalSection
	GlobalSection(ProjectConfigurationPlatforms) = postSolution
		{8313A5EF-EE01-4CC1-8DA9-712753DAA232}.Debug|Any CPU.ActiveCfg = Debug|Any CPU
		{8313A5EF-EE01-4CC1-8DA9-712753DAA232}.Debug|Any CPU.Build.0 = Debug|Any CPU
		{8313A5EF-EE01-4CC1-8DA9-712753DAA232}.Release|Any CPU.ActiveCfg = Release|Any CPU
		{8313A5EF-EE01-4CC1-8DA9-712753DAA232}.Release|Any CPU.Build.0 = Release|Any CPU
	EndGlobalSection
	GlobalSection(SolutionProperties) = preSolution
		HideSolutionNode = FALSE
	EndGlobalSection
	GlobalSection(ExtensibilityGlobals) = postSolution
		SolutionGuid = {7A1191AB-9E4C-4BB8-BBD6-0E67E970B528}
	EndGlobalSection
EndGlobal
